// !$*UTF8*$!
{
	archiveVersion = 1;
	classes = {
	};
	objectVersion = 50;
	objects = {

/* Begin PBXBuildFile section */
		01EC72F3219D5105001B848C /* AppDelegate.swift in Sources */ = {isa = PBXBuildFile; fileRef = 01EC72F2219D5105001B848C /* AppDelegate.swift */; };
		01EC72F5219D5105001B848C /* ViewController.swift in Sources */ = {isa = PBXBuildFile; fileRef = 01EC72F4219D5105001B848C /* ViewController.swift */; };
		01EC72F8219D5105001B848C /* Main.storyboard in Resources */ = {isa = PBXBuildFile; fileRef = 01EC72F6219D5105001B848C /* Main.storyboard */; };
		01EC72FA219D5107001B848C /* Assets.xcassets in Resources */ = {isa = PBXBuildFile; fileRef = 01EC72F9219D5107001B848C /* Assets.xcassets */; };
		01EC72FD219D5107001B848C /* LaunchScreen.storyboard in Resources */ = {isa = PBXBuildFile; fileRef = 01EC72FB219D5107001B848C /* LaunchScreen.storyboard */; };
		01EC7305219D51BE001B848C /* Person.swift in Sources */ = {isa = PBXBuildFile; fileRef = 01EC7304219D51BE001B848C /* Person.swift */; };
		01EC7307219D51CC001B848C /* Serialization.swift in Sources */ = {isa = PBXBuildFile; fileRef = 01EC7306219D51CC001B848C /* Serialization.swift */; };
		01EC7309219D51EB001B848C /* Person.json in Resources */ = {isa = PBXBuildFile; fileRef = 01EC7308219D51EB001B848C /* Person.json */; };
		01EC730F219D552E001B848C /* DetailedViewController.swift in Sources */ = {isa = PBXBuildFile; fileRef = 01EC730E219D552E001B848C /* DetailedViewController.swift */; };
/* End PBXBuildFile section */

/* Begin PBXFileReference section */
		01EC72EF219D5105001B848C /* testTableView.app */ = {isa = PBXFileReference; explicitFileType = wrapper.application; includeInIndex = 0; path = testTableView.app; sourceTree = BUILT_PRODUCTS_DIR; };
		01EC72F2219D5105001B848C /* AppDelegate.swift */ = {isa = PBXFileReference; lastKnownFileType = sourcecode.swift; path = AppDelegate.swift; sourceTree = "<group>"; };
		01EC72F4219D5105001B848C /* ViewController.swift */ = {isa = PBXFileReference; lastKnownFileType = sourcecode.swift; path = ViewController.swift; sourceTree = "<group>"; };
		01EC72F7219D5105001B848C /* Base */ = {isa = PBXFileReference; lastKnownFileType = file.storyboard; name = Base; path = Base.lproj/Main.storyboard; sourceTree = "<group>"; };
		01EC72F9219D5107001B848C /* Assets.xcassets */ = {isa = PBXFileReference; lastKnownFileType = folder.assetcatalog; path = Assets.xcassets; sourceTree = "<group>"; };
		01EC72FC219D5107001B848C /* Base */ = {isa = PBXFileReference; lastKnownFileType = file.storyboard; name = Base; path = Base.lproj/LaunchScreen.storyboard; sourceTree = "<group>"; };
		01EC72FE219D5107001B848C /* Info.plist */ = {isa = PBXFileReference; lastKnownFileType = text.plist.xml; path = Info.plist; sourceTree = "<group>"; };
		01EC7304219D51BE001B848C /* Person.swift */ = {isa = PBXFileReference; lastKnownFileType = sourcecode.swift; path = Person.swift; sourceTree = "<group>"; };
		01EC7306219D51CC001B848C /* Serialization.swift */ = {isa = PBXFileReference; lastKnownFileType = sourcecode.swift; path = Serialization.swift; sourceTree = "<group>"; };
		01EC7308219D51EB001B848C /* Person.json */ = {isa = PBXFileReference; fileEncoding = 4; lastKnownFileType = text.json; path = Person.json; sourceTree = "<group>"; };
		01EC730E219D552E001B848C /* DetailedViewController.swift */ = {isa = PBXFileReference; lastKnownFileType = sourcecode.swift; path = DetailedViewController.swift; sourceTree = "<group>"; };
/* End PBXFileReference section */

/* Begin PBXFrameworksBuildPhase section */
		01EC72EC219D5105001B848C /* Frameworks */ = {
			isa = PBXFrameworksBuildPhase;
			buildActionMask = 2147483647;
			files = (
			);
			runOnlyForDeploymentPostprocessing = 0;
		};
/* End PBXFrameworksBuildPhase section */

/* Begin PBXGroup section */
		01EC72E6219D5105001B848C = {
			isa = PBXGroup;
			children = (
				01EC72F1219D5105001B848C /* testTableView */,
				01EC72F0219D5105001B848C /* Products */,
			);
			sourceTree = "<group>";
		};
		01EC72F0219D5105001B848C /* Products */ = {
			isa = PBXGroup;
			children = (
				01EC72EF219D5105001B848C /* testTableView.app */,
			);
			name = Products;
			sourceTree = "<group>";
		};
		01EC72F1219D5105001B848C /* testTableView */ = {
			isa = PBXGroup;
			children = (
				01EC7308219D51EB001B848C /* Person.json */,
				01EC72F2219D5105001B848C /* AppDelegate.swift */,
				01EC72F4219D5105001B848C /* ViewController.swift */,
				01EC730E219D552E001B848C /* DetailedViewController.swift */,
				01EC72F6219D5105001B848C /* Main.storyboard */,
				01EC7304219D51BE001B848C /* Person.swift */,
				01EC7306219D51CC001B848C /* Serialization.swift */,
				01EC72F9219D5107001B848C /* Assets.xcassets */,
				01EC72FB219D5107001B848C /* LaunchScreen.storyboard */,
				01EC72FE219D5107001B848C /* Info.plist */,
			);
			path = testTableView;
			sourceTree = "<group>";
		};
/* End PBXGroup section */

/* Begin PBXNativeTarget section */
		01EC72EE219D5105001B848C /* testTableView */ = {
			isa = PBXNativeTarget;
			buildConfigurationList = 01EC7301219D5107001B848C /* Build configuration list for PBXNativeTarget "testTableView" */;
			buildPhases = (
				01EC72EB219D5105001B848C /* Sources */,
				01EC72EC219D5105001B848C /* Frameworks */,
				01EC72ED219D5105001B848C /* Resources */,
			);
			buildRules = (
			);
			dependencies = (
			);
			name = testTableView;
			productName = testTableView;
			productReference = 01EC72EF219D5105001B848C /* testTableView.app */;
			productType = "com.apple.product-type.application";
		};
/* End PBXNativeTarget section */

/* Begin PBXProject section */
		01EC72E7219D5105001B848C /* Project object */ = {
			isa = PBXProject;
			attributes = {
				LastSwiftUpdateCheck = 1000;
				LastUpgradeCheck = 1000;
				ORGANIZATIONNAME = "Sergey Gusev";
				TargetAttributes = {
					01EC72EE219D5105001B848C = {
						CreatedOnToolsVersion = 10.0;
					};
				};
			};
			buildConfigurationList = 01EC72EA219D5105001B848C /* Build configuration list for PBXProject "testTableView" */;
			compatibilityVersion = "Xcode 9.3";
			developmentRegion = en;
			hasScannedForEncodings = 0;
			knownRegions = (
				en,
				Base,
			);
			mainGroup = 01EC72E6219D5105001B848C;
			productRefGroup = 01EC72F0219D5105001B848C /* Products */;
			projectDirPath = "";
			projectRoot = "";
			targets = (
				01EC72EE219D5105001B848C /* testTableView */,
			);
		};
/* End PBXProject section */

/* Begin PBXResourcesBuildPhase section */
		01EC72ED219D5105001B848C /* Resources */ = {
			isa = PBXResourcesBuildPhase;
			buildActionMask = 2147483647;
			files = (
				01EC72FD219D5107001B848C /* LaunchScreen.storyboard in Resources */,
				01EC7309219D51EB001B848C /* Person.json in Resources */,
				01EC72FA219D5107001B848C /* Assets.xcassets in Resources */,
				01EC72F8219D5105001B848C /* Main.storyboard in Resources */,
			);
			runOnlyForDeploymentPostprocessing = 0;
		};
/* End PBXResourcesBuildPhase section */

/* Begin PBXSourcesBuildPhase section */
		01EC72EB219D5105001B848C /* Sources */ = {
			isa = PBXSourcesBuildPhase;
			buildActionMask = 2147483647;
			files = (
				01EC7307219D51CC001B848C /* Serialization.swift in Sources */,
				01EC7305219D51BE001B848C /* Person.swift in Sources */,
				01EC730F219D552E001B848C /* DetailedViewController.swift in Sources */,
				01EC72F5219D5105001B848C /* ViewController.swift in Sources */,
				01EC72F3219D5105001B848C /* AppDelegate.swift in Sources */,
			);
			runOnlyForDeploymentPostprocessing = 0;
		};
/* End PBXSourcesBuildPhase section */

/* Begin PBXVariantGroup section */
		01EC72F6219D5105001B848C /* Main.storyboard */ = {
			isa = PBXVariantGroup;
			children = (
				01EC72F7219D5105001B848C /* Base */,
			);
			name = Main.storyboard;
			sourceTree = "<group>";
		};
		01EC72FB219D5107001B848C /* LaunchScreen.storyboard */ = {
			isa = PBXVariantGroup;
			children = (
				01EC72FC219D5107001B848C /* Base */,
			);
			name = LaunchScreen.storyboard;
			sourceTree = "<group>";
		};
/* End PBXVariantGroup section */

/* Begin XCBuildConfiguration section */
		01EC72FF219D5107001B848C /* Debug */ = {
			isa = XCBuildConfiguration;
			buildSettings = {
				ALWAYS_SEARCH_USER_PATHS = NO;
				CLANG_ANALYZER_NONNULL = YES;
				CLANG_ANALYZER_NUMBER_OBJECT_CONVERSION = YES_AGGRESSIVE;
				CLANG_CXX_LANGUAGE_STANDARD = "gnu++14";
				CLANG_CXX_LIBRARY = "libc++";
				CLANG_ENABLE_MODULES = YES;
				CLANG_ENABLE_OBJC_ARC = YES;
				CLANG_ENABLE_OBJC_WEAK = YES;
				CLANG_WARN_BLOCK_CAPTURE_AUTORELEASING = YES;
				CLANG_WARN_BOOL_CONVERSION = YES;
				CLANG_WARN_COMMA = YES;
				CLANG_WARN_CONSTANT_CONVERSION = YES;
				CLANG_WARN_DEPRECATED_OBJC_IMPLEMENTATIONS = YES;
				CLANG_WARN_DIRECT_OBJC_ISA_USAGE = YES_ERROR;
				CLANG_WARN_DOCUMENTATION_COMMENTS = YES;
				CLANG_WARN_EMPTY_BODY = YES;
				CLANG_WARN_ENUM_CONVERSION = YES;
				CLANG_WARN_INFINITE_RECURSION = YES;
				CLANG_WARN_INT_CONVERSION = YES;
				CLANG_WARN_NON_LITERAL_NULL_CONVERSION = YES;
				CLANG_WARN_OBJC_IMPLICIT_RETAIN_SELF = YES;
				CLANG_WARN_OBJC_LITERAL_CONVERSION = YES;
				CLANG_WARN_OBJC_ROOT_CLASS = YES_ERROR;
				CLANG_WARN_RANGE_LOOP_ANALYSIS = YES;
				CLANG_WARN_STRICT_PROTOTYPES = YES;
				CLANG_WARN_SUSPICIOUS_MOVE = YES;
				CLANG_WARN_UNGUARDED_AVAILABILITY = YES_AGGRESSIVE;
				CLANG_WARN_UNREACHABLE_CODE = YES;
				CLANG_WARN__DUPLICATE_METHOD_MATCH = YES;
				CODE_SIGN_IDENTITY = "iPhone Developer";
				COPY_PHASE_STRIP = NO;
				DEBUG_INFORMATION_FORMAT = dwarf;
				ENABLE_STRICT_OBJC_MSGSEND = YES;
				ENABLE_TESTABILITY = YES;
				GCC_C_LANGUAGE_STANDARD = gnu11;
				GCC_DYNAMIC_NO_PIC = NO;
				GCC_NO_COMMON_BLOCKS = YES;
				GCC_OPTIMIZATION_LEVEL = 0;
				GCC_PREPROCESSOR_DEFINITIONS = (
					"DEBUG=1",
					"$(inherited)",
				);
				GCC_WARN_64_TO_32_BIT_CONVERSION = YES;
				GCC_WARN_ABOUT_RETURN_TYPE = YES_ERROR;
				GCC_WARN_UNDECLARED_SELECTOR = YES;
				GCC_WARN_UNINITIALIZED_AUTOS = YES_AGGRESSIVE;
				GCC_WARN_UNUSED_FUNCTION = YES;
				GCC_WARN_UNUSED_VARIABLE = YES;
				IPHONEOS_DEPLOYMENT_TARGET = 12.0;
				MTL_ENABLE_DEBUG_INFO = INCLUDE_SOURCE;
				MTL_FAST_MATH = YES;
				ONLY_ACTIVE_ARCH = YES;
				SDKROOT = iphoneos;
				SWIFT_ACTIVE_COMPILATION_CONDITIONS = DEBUG;
				SWIFT_OPTIMIZATION_LEVEL = "-Onone";
			};
			name = Debug;
		};
		01EC7300219D5107001B848C /* Release */ = {
			isa = XCBuildConfiguration;
			buildSettings = {
				ALWAYS_SEARCH_USER_PATHS = NO;
				CLANG_ANALYZER_NONNULL = YES;
				CLANG_ANALYZER_NUMBER_OBJECT_CONVERSION = YES_AGGRESSIVE;
				CLANG_CXX_LANGUAGE_STANDARD = "gnu++14";
				CLANG_CXX_LIBRARY = "libc++";
				CLANG_ENABLE_MODULES = YES;
				CLANG_ENABLE_OBJC_ARC = YES;
				CLANG_ENABLE_OBJC_WEAK = YES;
				CLANG_WARN_BLOCK_CAPTURE_AUTORELEASING = YES;
				CLANG_WARN_BOOL_CONVERSION = YES;
				CLANG_WARN_COMMA = YES;
				CLANG_WARN_CONSTANT_CONVERSION = YES;
				CLANG_WARN_DEPRECATED_OBJC_IMPLEMENTATIONS = YES;
				CLANG_WARN_DIRECT_OBJC_ISA_USAGE = YES_ERROR;
				CLANG_WARN_DOCUMENTATION_COMMENTS = YES;
				CLANG_WARN_EMPTY_BODY = YES;
				CLANG_WARN_ENUM_CONVERSION = YES;
				CLANG_WARN_INFINITE_RECURSION = YES;
				CLANG_WARN_INT_CONVERSION = YES;
				CLANG_WARN_NON_LITERAL_NULL_CONVERSION = YES;
				CLANG_WARN_OBJC_IMPLICIT_RETAIN_SELF = YES;
				CLANG_WARN_OBJC_LITERAL_CONVERSION = YES;
				CLANG_WARN_OBJC_ROOT_CLASS = YES_ERROR;
				CLANG_WARN_RANGE_LOOP_ANALYSIS = YES;
				CLANG_WARN_STRICT_PROTOTYPES = YES;
				CLANG_WARN_SUSPICIOUS_MOVE = YES;
				CLANG_WARN_UNGUARDED_AVAILABILITY = YES_AGGRESSIVE;
				CLANG_WARN_UNREACHABLE_CODE = YES;
				CLANG_WARN__DUPLICATE_METHOD_MATCH = YES;
				CODE_SIGN_IDENTITY = "iPhone Developer";
				COPY_PHASE_STRIP = NO;
				DEBUG_INFORMATION_FORMAT = "dwarf-with-dsym";
				ENABLE_NS_ASSERTIONS = NO;
				ENABLE_STRICT_OBJC_MSGSEND = YES;
				GCC_C_LANGUAGE_STANDARD = gnu11;
				GCC_NO_COMMON_BLOCKS = YES;
				GCC_WARN_64_TO_32_BIT_CONVERSION = YES;
				GCC_WARN_ABOUT_RETURN_TYPE = YES_ERROR;
				GCC_WARN_UNDECLARED_SELECTOR = YES;
				GCC_WARN_UNINITIALIZED_AUTOS = YES_AGGRESSIVE;
				GCC_WARN_UNUSED_FUNCTION = YES;
				GCC_WARN_UNUSED_VARIABLE = YES;
				IPHONEOS_DEPLOYMENT_TARGET = 12.0;
				MTL_ENABLE_DEBUG_INFO = NO;
				MTL_FAST_MATH = YES;
				SDKROOT = iphoneos;
				SWIFT_COMPILATION_MODE = wholemodule;
				SWIFT_OPTIMIZATION_LEVEL = "-O";
				VALIDATE_PRODUCT = YES;
			};
			name = Release;
		};
		01EC7302219D5107001B848C /* Debug */ = {
			isa = XCBuildConfiguration;
			buildSettings = {
				ASSETCATALOG_COMPILER_APPICON_NAME = AppIcon;
				CODE_SIGN_STYLE = Automatic;
				DEVELOPMENT_TEAM = JBF3U4Y3Z7;
				INFOPLIST_FILE = testTableView/Info.plist;
				LD_RUNPATH_SEARCH_PATHS = (
					"$(inherited)",
					"@executable_path/Frameworks",
				);
				PRODUCT_BUNDLE_IDENTIFIER = test.com.testing.testTableView;
				PRODUCT_NAME = "$(TARGET_NAME)";
				SWIFT_VERSION = 4.2;
				TARGETED_DEVICE_FAMILY = "1,2";
			};
			name = Debug;
		};
		01EC7303219D5107001B848C /* Release */ = {
			isa = XCBuildConfiguration;
			buildSettings = {
				ASSETCATALOG_COMPILER_APPICON_NAME = AppIcon;
				CODE_SIGN_STYLE = Automatic;
				DEVELOPMENT_TEAM = JBF3U4Y3Z7;
				INFOPLIST_FILE = testTableView/Info.plist;
				LD_RUNPATH_SEARCH_PATHS = (
					"$(inherited)",
					"@executable_path/Frameworks",
				);
				PRODUCT_BUNDLE_IDENTIFIER = test.com.testing.testTableView;
				PRODUCT_NAME = "$(TARGET_NAME)";
				SWIFT_VERSION = 4.2;
				TARGETED_DEVICE_FAMILY = "1,2";
			};
			name = Release;
		};
/* End XCBuildConfiguration section */

/* Begin XCConfigurationList section */
		01EC72EA219D5105001B848C /* Build configuration list for PBXProject "testTableView" */ = {
			isa = XCConfigurationList;
			buildConfigurations = (
				01EC72FF219D5107001B848C /* Debug */,
				01EC7300219D5107001B848C /* Release */,
			);
			defaultConfigurationIsVisible = 0;
			defaultConfigurationName = Release;
		};
		01EC7301219D5107001B848C /* Build configuration list for PBXNativeTarget "testTableView" */ = {
			isa = XCConfigurationList;
			buildConfigurations = (
				01EC7302219D5107001B848C /* Debug */,
				01EC7303219D5107001B848C /* Release */,
			);
			defaultConfigurationIsVisible = 0;
			defaultConfigurationName = Release;
		};
/* End XCConfigurationList section */
	};
	rootObject = 01EC72E7219D5105001B848C /* Project object */;
}
